
Microsoft Visual Studio Solution File, Format Version 12.00
# Visual Studio 15
VisualStudioVersion = 15.0.26430.16
MinimumVisualStudioVersion = 10.0.40219.1
Project("{FAE04EC0-301F-11D3-BF4B-00C04F79EFBC}") = "SlideMaker", "Nyasa Wizard\SlideMaker.csproj", "{C07A6C45-4B0B-421D-B4E6-3BEFC5D5F697}"
EndProject
Project("{FAE04EC0-301F-11D3-BF4B-00C04F79EFBC}") = "Rambha.Document", "Rambha.Document\Rambha.Document.csproj", "{9EC38D3A-B51A-4433-9BC7-0F8E9D2399E2}"
EndProject
Project("{FAE04EC0-301F-11D3-BF4B-00C04F79EFBC}") = "Rambha.Script", "Rambha.Script\Rambha.Script.csproj", "{A439BC7C-BFD2-476D-866F-5D6A1D2CDDE5}"
EndProject
Project("{FAE04EC0-301F-11D3-BF4B-00C04F79EFBC}") = "LocalizationEditor", "GOFEditor\LocalizationEditor.csproj", "{2F7D6FD3-A289-4D66-9F17-5BD83F905828}"
EndProject
Project("{FAE04EC0-301F-11D3-BF4B-00C04F79EFBC}") = "SlideViewer", "SlideViewer\SlideViewer.csproj", "{EA001F0A-223E-42EC-87CE-8439CD38EF79}"
EndProject
Project("{FAE04EC0-301F-11D3-BF4B-00C04F79EFBC}") = "Rambha.Serializer", "Rambha.Serializer\Rambha.Serializer.csproj", "{26C66C19-2795-442B-BC49-2FD971702999}"
EndProject
Project("{FAE04EC0-301F-11D3-BF4B-00C04F79EFBC}") = "FilesGenerator", "FilesGenerator\FilesGenerator.csproj", "{C7758ECE-F266-47C2-93C8-D9563FFD8373}"
EndProject
Project("{FAE04EC0-301F-11D3-BF4B-00C04F79EFBC}") = "FileListGen", "FileListGen\FileListGen.csproj", "{BF71DBF0-FC15-4A28-9D1C-8AE7A3B8044C}"
EndProject
Project("{FAE04EC0-301F-11D3-BF4B-00C04F79EFBC}") = "ConvertToHtml", "ConvertToHtml\ConvertToHtml.csproj", "{5DF7288C-759F-42A9-99C2-F598ACF2DE23}"
	ProjectSection(ProjectDependencies) = postProject
		{26C66C19-2795-442B-BC49-2FD971702999} = {26C66C19-2795-442B-BC49-2FD971702999}
		{9EC38D3A-B51A-4433-9BC7-0F8E9D2399E2} = {9EC38D3A-B51A-4433-9BC7-0F8E9D2399E2}
		{A439BC7C-BFD2-476D-866F-5D6A1D2CDDE5} = {A439BC7C-BFD2-476D-866F-5D6A1D2CDDE5}
	EndProjectSection
EndProject
Global
	GlobalSection(SolutionConfigurationPlatforms) = preSolution
		Debug|Any CPU = Debug|Any CPU
		Debug|Mixed Platforms = Debug|Mixed Platforms
		Debug|x64 = Debug|x64
		Debug|x86 = Debug|x86
		Release|Any CPU = Release|Any CPU
		Release|Mixed Platforms = Release|Mixed Platforms
		Release|x64 = Release|x64
		Release|x86 = Release|x86
	EndGlobalSection
	GlobalSection(ProjectConfigurationPlatforms) = postSolution
		{C07A6C45-4B0B-421D-B4E6-3BEFC5D5F697}.Debug|Any CPU.ActiveCfg = Debug|x86
		{C07A6C45-4B0B-421D-B4E6-3BEFC5D5F697}.Debug|Mixed Platforms.ActiveCfg = Debug|x86
		{C07A6C45-4B0B-421D-B4E6-3BEFC5D5F697}.Debug|Mixed Platforms.Build.0 = Debug|x86
		{C07A6C45-4B0B-421D-B4E6-3BEFC5D5F697}.Debug|x64.ActiveCfg = Debug|x86
		{C07A6C45-4B0B-421D-B4E6-3BEFC5D5F697}.Debug|x86.ActiveCfg = Debug|x86
		{C07A6C45-4B0B-421D-B4E6-3BEFC5D5F697}.Debug|x86.Build.0 = Debug|x86
		{C07A6C45-4B0B-421D-B4E6-3BEFC5D5F697}.Release|Any CPU.ActiveCfg = Release|x86
		{C07A6C45-4B0B-421D-B4E6-3BEFC5D5F697}.Release|Mixed Platforms.ActiveCfg = Release|x86
		{C07A6C45-4B0B-421D-B4E6-3BEFC5D5F697}.Release|Mixed Platforms.Build.0 = Release|x86
		{C07A6C45-4B0B-421D-B4E6-3BEFC5D5F697}.Release|x64.ActiveCfg = Release|x86
		{C07A6C45-4B0B-421D-B4E6-3BEFC5D5F697}.Release|x86.ActiveCfg = Release|x86
		{C07A6C45-4B0B-421D-B4E6-3BEFC5D5F697}.Release|x86.Build.0 = Release|x86
		{9EC38D3A-B51A-4433-9BC7-0F8E9D2399E2}.Debug|Any CPU.ActiveCfg = Debug|Any CPU
		{9EC38D3A-B51A-4433-9BC7-0F8E9D2399E2}.Debug|Any CPU.Build.0 = Debug|Any CPU
		{9EC38D3A-B51A-4433-9BC7-0F8E9D2399E2}.Debug|Mixed Platforms.ActiveCfg = Debug|Any CPU
		{9EC38D3A-B51A-4433-9BC7-0F8E9D2399E2}.Debug|Mixed Platforms.Build.0 = Debug|Any CPU
		{9EC38D3A-B51A-4433-9BC7-0F8E9D2399E2}.Debug|x64.ActiveCfg = Debug|Any CPU
		{9EC38D3A-B51A-4433-9BC7-0F8E9D2399E2}.Debug|x64.Build.0 = Debug|Any CPU
		{9EC38D3A-B51A-4433-9BC7-0F8E9D2399E2}.Debug|x86.ActiveCfg = Debug|Any CPU
		{9EC38D3A-B51A-4433-9BC7-0F8E9D2399E2}.Debug|x86.Build.0 = Debug|Any CPU
		{9EC38D3A-B51A-4433-9BC7-0F8E9D2399E2}.Release|Any CPU.ActiveCfg = Release|Any CPU
		{9EC38D3A-B51A-4433-9BC7-0F8E9D2399E2}.Release|Any CPU.Build.0 = Release|Any CPU
		{9EC38D3A-B51A-4433-9BC7-0F8E9D2399E2}.Release|Mixed Platforms.ActiveCfg = Release|Any CPU
		{9EC38D3A-B51A-4433-9BC7-0F8E9D2399E2}.Release|Mixed Platforms.Build.0 = Release|Any CPU
		{9EC38D3A-B51A-4433-9BC7-0F8E9D2399E2}.Release|x64.ActiveCfg = Release|Any CPU
		{9EC38D3A-B51A-4433-9BC7-0F8E9D2399E2}.Release|x64.Build.0 = Release|Any CPU
		{9EC38D3A-B51A-4433-9BC7-0F8E9D2399E2}.Release|x86.ActiveCfg = Release|Any CPU
		{9EC38D3A-B51A-4433-9BC7-0F8E9D2399E2}.Release|x86.Build.0 = Release|Any CPU
		{A439BC7C-BFD2-476D-866F-5D6A1D2CDDE5}.Debug|Any CPU.ActiveCfg = Debug|Any CPU
		{A439BC7C-BFD2-476D-866F-5D6A1D2CDDE5}.Debug|Any CPU.Build.0 = Debug|Any CPU
		{A439BC7C-BFD2-476D-866F-5D6A1D2CDDE5}.Debug|Mixed Platforms.ActiveCfg = Debug|Any CPU
		{A439BC7C-BFD2-476D-866F-5D6A1D2CDDE5}.Debug|Mixed Platforms.Build.0 = Debug|Any CPU
		{A439BC7C-BFD2-476D-866F-5D6A1D2CDDE5}.Debug|x64.ActiveCfg = Debug|Any CPU
		{A439BC7C-BFD2-476D-866F-5D6A1D2CDDE5}.Debug|x64.Build.0 = Debug|Any CPU
		{A439BC7C-BFD2-476D-866F-5D6A1D2CDDE5}.Debug|x86.ActiveCfg = Debug|Any CPU
		{A439BC7C-BFD2-476D-866F-5D6A1D2CDDE5}.Debug|x86.Build.0 = Debug|Any CPU
		{A439BC7C-BFD2-476D-866F-5D6A1D2CDDE5}.Release|Any CPU.ActiveCfg = Release|Any CPU
		{A439BC7C-BFD2-476D-866F-5D6A1D2CDDE5}.Release|Any CPU.Build.0 = Release|Any CPU
		{A439BC7C-BFD2-476D-866F-5D6A1D2CDDE5}.Release|Mixed Platforms.ActiveCfg = Release|Any CPU
		{A439BC7C-BFD2-476D-866F-5D6A1D2CDDE5}.Release|Mixed Platforms.Build.0 = Release|Any CPU
		{A439BC7C-BFD2-476D-866F-5D6A1D2CDDE5}.Release|x64.ActiveCfg = Release|Any CPU
		{A439BC7C-BFD2-476D-866F-5D6A1D2CDDE5}.Release|x64.Build.0 = Release|Any CPU
		{A439BC7C-BFD2-476D-866F-5D6A1D2CDDE5}.Release|x86.ActiveCfg = Release|Any CPU
		{A439BC7C-BFD2-476D-866F-5D6A1D2CDDE5}.Release|x86.Build.0 = Release|Any CPU
		{2F7D6FD3-A289-4D66-9F17-5BD83F905828}.Debug|Any CPU.ActiveCfg = Debug|x86
		{2F7D6FD3-A289-4D66-9F17-5BD83F905828}.Debug|Mixed Platforms.ActiveCfg = Debug|x86
		{2F7D6FD3-A289-4D66-9F17-5BD83F905828}.Debug|Mixed Platforms.Build.0 = Debug|x86
		{2F7D6FD3-A289-4D66-9F17-5BD83F905828}.Debug|x64.ActiveCfg = Debug|x86
		{2F7D6FD3-A289-4D66-9F17-5BD83F905828}.Debug|x86.ActiveCfg = Debug|x86
		{2F7D6FD3-A289-4D66-9F17-5BD83F905828}.Release|Any CPU.ActiveCfg = Release|x86
		{2F7D6FD3-A289-4D66-9F17-5BD83F905828}.Release|Mixed Platforms.ActiveCfg = Release|x86
		{2F7D6FD3-A289-4D66-9F17-5BD83F905828}.Release|Mixed Platforms.Build.0 = Release|x86
		{2F7D6FD3-A289-4D66-9F17-5BD83F905828}.Release|x64.ActiveCfg = Release|x86
		{2F7D6FD3-A289-4D66-9F17-5BD83F905828}.Release|x86.ActiveCfg = Release|x86
		{EA001F0A-223E-42EC-87CE-8439CD38EF79}.Debug|Any CPU.ActiveCfg = Debug|x86
		{EA001F0A-223E-42EC-87CE-8439CD38EF79}.Debug|Mixed Platforms.ActiveCfg = Debug|x86
		{EA001F0A-223E-42EC-87CE-8439CD38EF79}.Debug|Mixed Platforms.Build.0 = Debug|x86
		{EA001F0A-223E-42EC-87CE-8439CD38EF79}.Debug|x64.ActiveCfg = Debug|x64
		{EA001F0A-223E-42EC-87CE-8439CD38EF79}.Debug|x64.Build.0 = Debug|x64
		{EA001F0A-223E-42EC-87CE-8439CD38EF79}.Debug|x86.ActiveCfg = Debug|x86
		{EA001F0A-223E-42EC-87CE-8439CD38EF79}.Debug|x86.Build.0 = Debug|x86
		{EA001F0A-223E-42EC-87CE-8439CD38EF79}.Release|Any CPU.ActiveCfg = Release|x86
		{EA001F0A-223E-42EC-87CE-8439CD38EF79}.Release|Mixed Platforms.ActiveCfg = Release|x86
		{EA001F0A-223E-42EC-87CE-8439CD38EF79}.Release|Mixed Platforms.Build.0 = Release|x86
		{EA001F0A-223E-42EC-87CE-8439CD38EF79}.Release|x64.ActiveCfg = Release|x64
		{EA001F0A-223E-42EC-87CE-8439CD38EF79}.Release|x64.Build.0 = Release|x64
		{EA001F0A-223E-42EC-87CE-8439CD38EF79}.Release|x86.ActiveCfg = Release|x86
		{EA001F0A-223E-42EC-87CE-8439CD38EF79}.Release|x86.Build.0 = Release|x86
		{26C66C19-2795-442B-BC49-2FD971702999}.Debug|Any CPU.ActiveCfg = Debug|Any CPU
		{26C66C19-2795-442B-BC49-2FD971702999}.Debug|Any CPU.Build.0 = Debug|Any CPU
		{26C66C19-2795-442B-BC49-2FD971702999}.Debug|Mixed Platforms.ActiveCfg = Debug|Any CPU
		{26C66C19-2795-442B-BC49-2FD971702999}.Debug|Mixed Platforms.Build.0 = Debug|Any CPU
		{26C66C19-2795-442B-BC49-2FD971702999}.Debug|x64.ActiveCfg = Debug|Any CPU
		{26C66C19-2795-442B-BC49-2FD971702999}.Debug|x64.Build.0 = Debug|Any CPU
		{26C66C19-2795-442B-BC49-2FD971702999}.Debug|x86.ActiveCfg = Debug|Any CPU
		{26C66C19-2795-442B-BC49-2FD971702999}.Debug|x86.Build.0 = Debug|Any CPU
		{26C66C19-2795-442B-BC49-2FD971702999}.Release|Any CPU.ActiveCfg = Release|Any CPU
		{26C66C19-2795-442B-BC49-2FD971702999}.Release|Any CPU.Build.0 = Release|Any CPU
		{26C66C19-2795-442B-BC49-2FD971702999}.Release|Mixed Platforms.ActiveCfg = Release|Any CPU
		{26C66C19-2795-442B-BC49-2FD971702999}.Release|Mixed Platforms.Build.0 = Release|Any CPU
		{26C66C19-2795-442B-BC49-2FD971702999}.Release|x64.ActiveCfg = Release|Any CPU
		{26C66C19-2795-442B-BC49-2FD971702999}.Release|x64.Build.0 = Release|Any CPU
		{26C66C19-2795-442B-BC49-2FD971702999}.Release|x86.ActiveCfg = Release|Any CPU
		{26C66C19-2795-442B-BC49-2FD971702999}.Release|x86.Build.0 = Release|Any CPU
		{C7758ECE-F266-47C2-93C8-D9563FFD8373}.Debug|Any CPU.ActiveCfg = Debug|x86
		{C7758ECE-F266-47C2-93C8-D9563FFD8373}.Debug|Mixed Platforms.ActiveCfg = Debug|x86
		{C7758ECE-F266-47C2-93C8-D9563FFD8373}.Debug|Mixed Platforms.Build.0 = Debug|x86
		{C7758ECE-F266-47C2-93C8-D9563FFD8373}.Debug|x64.ActiveCfg = Debug|x86
		{C7758ECE-F266-47C2-93C8-D9563FFD8373}.Debug|x86.ActiveCfg = Debug|x86
		{C7758ECE-F266-47C2-93C8-D9563FFD8373}.Release|Any CPU.ActiveCfg = Release|x86
		{C7758ECE-F266-47C2-93C8-D9563FFD8373}.Release|Mixed Platforms.ActiveCfg = Release|x86
		{C7758ECE-F266-47C2-93C8-D9563FFD8373}.Release|Mixed Platforms.Build.0 = Release|x86
		{C7758ECE-F266-47C2-93C8-D9563FFD8373}.Release|x64.ActiveCfg = Release|x86
		{C7758ECE-F266-47C2-93C8-D9563FFD8373}.Release|x86.ActiveCfg = Release|x86
		{BF71DBF0-FC15-4A28-9D1C-8AE7A3B8044C}.Debug|Any CPU.ActiveCfg = Debug|x86
		{BF71DBF0-FC15-4A28-9D1C-8AE7A3B8044C}.Debug|Mixed Platforms.ActiveCfg = Debug|x86
		{BF71DBF0-FC15-4A28-9D1C-8AE7A3B8044C}.Debug|Mixed Platforms.Build.0 = Debug|x86
		{BF71DBF0-FC15-4A28-9D1C-8AE7A3B8044C}.Debug|x64.ActiveCfg = Debug|x86
		{BF71DBF0-FC15-4A28-9D1C-8AE7A3B8044C}.Debug|x86.ActiveCfg = Debug|x86
		{BF71DBF0-FC15-4A28-9D1C-8AE7A3B8044C}.Release|Any CPU.ActiveCfg = Release|x86
		{BF71DBF0-FC15-4A28-9D1C-8AE7A3B8044C}.Release|Mixed Platforms.ActiveCfg = Release|x86
		{BF71DBF0-FC15-4A28-9D1C-8AE7A3B8044C}.Release|Mixed Platforms.Build.0 = Release|x86
		{BF71DBF0-FC15-4A28-9D1C-8AE7A3B8044C}.Release|x64.ActiveCfg = Release|x86
		{BF71DBF0-FC15-4A28-9D1C-8AE7A3B8044C}.Release|x86.ActiveCfg = Release|x86
		{5DF7288C-759F-42A9-99C2-F598ACF2DE23}.Debug|Any CPU.ActiveCfg = Debug|Any CPU
		{5DF7288C-759F-42A9-99C2-F598ACF2DE23}.Debug|Any CPU.Build.0 = Debug|Any CPU
		{5DF7288C-759F-42A9-99C2-F598ACF2DE23}.Debug|Mixed Platforms.ActiveCfg = Debug|Any CPU
		{5DF7288C-759F-42A9-99C2-F598ACF2DE23}.Debug|Mixed Platforms.Build.0 = Debug|Any CPU
		{5DF7288C-759F-42A9-99C2-F598ACF2DE23}.Debug|x64.ActiveCfg = Debug|Any CPU
		{5DF7288C-759F-42A9-99C2-F598ACF2DE23}.Debug|x64.Build.0 = Debug|Any CPU
		{5DF7288C-759F-42A9-99C2-F598ACF2DE23}.Debug|x86.ActiveCfg = Debug|Any CPU
		{5DF7288C-759F-42A9-99C2-F598ACF2DE23}.Debug|x86.Build.0 = Debug|Any CPU
		{5DF7288C-759F-42A9-99C2-F598ACF2DE23}.Release|Any CPU.ActiveCfg = Release|Any CPU
		{5DF7288C-759F-42A9-99C2-F598ACF2DE23}.Release|Any CPU.Build.0 = Release|Any CPU
		{5DF7288C-759F-42A9-99C2-F598ACF2DE23}.Release|Mixed Platforms.ActiveCfg = Release|Any CPU
		{5DF7288C-759F-42A9-99C2-F598ACF2DE23}.Release|Mixed Platforms.Build.0 = Release|Any CPU
		{5DF7288C-759F-42A9-99C2-F598ACF2DE23}.Release|x64.ActiveCfg = Release|Any CPU
		{5DF7288C-759F-42A9-99C2-F598ACF2DE23}.Release|x64.Build.0 = Release|Any CPU
		{5DF7288C-759F-42A9-99C2-F598ACF2DE23}.Release|x86.ActiveCfg = Release|Any CPU
		{5DF7288C-759F-42A9-99C2-F598ACF2DE23}.Release|x86.Build.0 = Release|Any CPU
	EndGlobalSection
	GlobalSection(SolutionProperties) = preSolution
		HideSolutionNode = FALSE
	EndGlobalSection
EndGlobal
