
Microsoft Visual Studio Solution File, Format Version 11.00
# Visual Studio 2010
Project("{FAE04EC0-301F-11D3-BF4B-00C04F79EFBC}") = "SlideMaker", "Nyasa Wizard\SlideMaker.csproj", "{C07A6C45-4B0B-421D-B4E6-3BEFC5D5F697}"
EndProject
Global
	GlobalSection(SolutionConfigurationPlatforms) = preSolution
		Debug|x86 = Debug|x86
		Release|x86 = Release|x86
	EndGlobalSection
	GlobalSection(ProjectConfigurationPlatforms) = postSolution
		{C07A6C45-4B0B-421D-B4E6-3BEFC5D5F697}.Debug|x86.ActiveCfg = Debug|x86
		{C07A6C45-4B0B-421D-B4E6-3BEFC5D5F697}.Debug|x86.Build.0 = Debug|x86
		{C07A6C45-4B0B-421D-B4E6-3BEFC5D5F697}.Release|x86.ActiveCfg = Release|x86
		{C07A6C45-4B0B-421D-B4E6-3BEFC5D5F697}.Release|x86.Build.0 = Release|x86
	EndGlobalSection
	GlobalSection(SolutionProperties) = preSolution
		HideSolutionNode = FALSE
	EndGlobalSection
EndGlobal
